
Microsoft Visual Studio Solution File, Format Version 12.00
# Visual Studio Version 16
VisualStudioVersion = 16.0.32126.315
MinimumVisualStudioVersion = 10.0.40219.1
Project("{9A19103F-16F7-4668-BE54-9A1E7A4F7556}") = "youtube-dl-wrapper", "youtube-dl-wrapper\youtube-dl-wrapper.csproj", "{FF711A38-979F-48E9-B783-52DEDCF6FE1C}"
EndProject
Project("{FAE04EC0-301F-11D3-BF4B-00C04F79EFBC}") = "youtube-dl-wrapper_Tests", "youtube-dl-wrapper_Tests\youtube-dl-wrapper_Tests.csproj", "{92AC9171-2C64-4745-B896-3FB2CEF38206}"
EndProject
Global
	GlobalSection(SolutionConfigurationPlatforms) = preSolution
		Debug|Any CPU = Debug|Any CPU
		Release|Any CPU = Release|Any CPU
	EndGlobalSection
	GlobalSection(ProjectConfigurationPlatforms) = postSolution
		{FF711A38-979F-48E9-B783-52DEDCF6FE1C}.Debug|Any CPU.ActiveCfg = Debug|Any CPU
		{FF711A38-979F-48E9-B783-52DEDCF6FE1C}.Debug|Any CPU.Build.0 = Debug|Any CPU
		{FF711A38-979F-48E9-B783-52DEDCF6FE1C}.Release|Any CPU.ActiveCfg = Release|Any CPU
		{FF711A38-979F-48E9-B783-52DEDCF6FE1C}.Release|Any CPU.Build.0 = Release|Any CPU
		{92AC9171-2C64-4745-B896-3FB2CEF38206}.Debug|Any CPU.ActiveCfg = Debug|Any CPU
		{92AC9171-2C64-4745-B896-3FB2CEF38206}.Debug|Any CPU.Build.0 = Debug|Any CPU
		{92AC9171-2C64-4745-B896-3FB2CEF38206}.Release|Any CPU.ActiveCfg = Release|Any CPU
		{92AC9171-2C64-4745-B896-3FB2CEF38206}.Release|Any CPU.Build.0 = Release|Any CPU
	EndGlobalSection
	GlobalSection(SolutionProperties) = preSolution
		HideSolutionNode = FALSE
	EndGlobalSection
	GlobalSection(ExtensibilityGlobals) = postSolution
		SolutionGuid = {4F78172A-D4DC-4C20-86EF-C45B3CE9B33A}
	EndGlobalSection
EndGlobal
